
Microsoft Visual Studio Solution File, Format Version 12.00
# Visual Studio 15
Project("{FAE04EC0-301F-11D3-BF4B-00C04F79EFBC}") = "Doppelganger", "Doppelganger\Doppelganger.csproj", "{A9C78C4D-FF1B-465C-BD3C-0E32881BC10E}"
EndProject
Global
	GlobalSection(SolutionConfigurationPlatforms) = preSolution
		Debug|Any CPU = Debug|Any CPU
		Release|Any CPU = Release|Any CPU
	EndGlobalSection
	GlobalSection(ProjectConfigurationPlatforms) = postSolution
		{A9C78C4D-FF1B-465C-BD3C-0E32881BC10E}.Debug|Any CPU.ActiveCfg = Debug|Any CPU
		{A9C78C4D-FF1B-465C-BD3C-0E32881BC10E}.Debug|Any CPU.Build.0 = Debug|Any CPU
		{A9C78C4D-FF1B-465C-BD3C-0E32881BC10E}.Release|Any CPU.ActiveCfg = Release|Any CPU
		{A9C78C4D-FF1B-465C-BD3C-0E32881BC10E}.Release|Any CPU.Build.0 = Release|Any CPU
	EndGlobalSection
EndGlobal
